
Microsoft Visual Studio Solution File, Format Version 12.00
# Visual Studio Version 17
VisualStudioVersion = 17.2.32616.157
MinimumVisualStudioVersion = 10.0.40219.1
Project("{FAE04EC0-301F-11D3-BF4B-00C04F79EFBC}") = "Boost9MovieStar", "Boost9MovieStar\Boost9MovieStar.csproj", "{4DD164F5-1957-49B3-9E5D-8428FCBF4DAF}"
EndProject
Global
	GlobalSection(SolutionConfigurationPlatforms) = preSolution
		Debug|Any CPU = Debug|Any CPU
		Release|Any CPU = Release|Any CPU
	EndGlobalSection
	GlobalSection(ProjectConfigurationPlatforms) = postSolution
		{4DD164F5-1957-49B3-9E5D-8428FCBF4DAF}.Debug|Any CPU.ActiveCfg = Debug|Any CPU
		{4DD164F5-1957-49B3-9E5D-8428FCBF4DAF}.Debug|Any CPU.Build.0 = Debug|Any CPU
		{4DD164F5-1957-49B3-9E5D-8428FCBF4DAF}.Release|Any CPU.ActiveCfg = Release|Any CPU
		{4DD164F5-1957-49B3-9E5D-8428FCBF4DAF}.Release|Any CPU.Build.0 = Release|Any CPU
	EndGlobalSection
	GlobalSection(SolutionProperties) = preSolution
		HideSolutionNode = FALSE
	EndGlobalSection
	GlobalSection(ExtensibilityGlobals) = postSolution
		SolutionGuid = {BF16C5F8-A549-4257-A228-440CFB604E76}
	EndGlobalSection
EndGlobal
